
Microsoft Visual Studio Solution File, Format Version 12.00
# Visual Studio Version 16
VisualStudioVersion = 16.6.30114.105
MinimumVisualStudioVersion = 10.0.40219.1
Project("{2150E333-8FDC-42A3-9474-1A3956D46DE8}") = "src", "src", "{742F21D5-135F-4C0E-869A-848EAC05AA54}"
EndProject
Project("{FAE04EC0-301F-11D3-BF4B-00C04F79EFBC}") = "DWP.Demo.Api", "src\DWP.Demo.Api\DWP.Demo.Api.csproj", "{9815D397-4046-4E9D-96FB-61BC39F9208E}"
EndProject
Project("{FAE04EC0-301F-11D3-BF4B-00C04F79EFBC}") = "DWP.Demo.IntegrationTests", "src\DWP.Demo.IntegrationTests\DWP.Demo.IntegrationTests.csproj", "{B4D5E67E-FE25-4F41-A200-AEF83F42EED0}"
EndProject
Project("{FAE04EC0-301F-11D3-BF4B-00C04F79EFBC}") = "DWP.Demo.UnitTests", "src\DWP.Demo.UnitTests\DWP.Demo.UnitTests.csproj", "{30D68583-BBD3-4607-94DA-C46903CFDB5F}"
EndProject
Global
	GlobalSection(SolutionConfigurationPlatforms) = preSolution
		Debug|Any CPU = Debug|Any CPU
		Debug|x64 = Debug|x64
		Debug|x86 = Debug|x86
		Release|Any CPU = Release|Any CPU
		Release|x64 = Release|x64
		Release|x86 = Release|x86
	EndGlobalSection
	GlobalSection(SolutionProperties) = preSolution
		HideSolutionNode = FALSE
	EndGlobalSection
	GlobalSection(ProjectConfigurationPlatforms) = postSolution
		{9815D397-4046-4E9D-96FB-61BC39F9208E}.Debug|Any CPU.ActiveCfg = Debug|Any CPU
		{9815D397-4046-4E9D-96FB-61BC39F9208E}.Debug|Any CPU.Build.0 = Debug|Any CPU
		{9815D397-4046-4E9D-96FB-61BC39F9208E}.Debug|x64.ActiveCfg = Debug|Any CPU
		{9815D397-4046-4E9D-96FB-61BC39F9208E}.Debug|x64.Build.0 = Debug|Any CPU
		{9815D397-4046-4E9D-96FB-61BC39F9208E}.Debug|x86.ActiveCfg = Debug|Any CPU
		{9815D397-4046-4E9D-96FB-61BC39F9208E}.Debug|x86.Build.0 = Debug|Any CPU
		{9815D397-4046-4E9D-96FB-61BC39F9208E}.Release|Any CPU.ActiveCfg = Release|Any CPU
		{9815D397-4046-4E9D-96FB-61BC39F9208E}.Release|Any CPU.Build.0 = Release|Any CPU
		{9815D397-4046-4E9D-96FB-61BC39F9208E}.Release|x64.ActiveCfg = Release|Any CPU
		{9815D397-4046-4E9D-96FB-61BC39F9208E}.Release|x64.Build.0 = Release|Any CPU
		{9815D397-4046-4E9D-96FB-61BC39F9208E}.Release|x86.ActiveCfg = Release|Any CPU
		{9815D397-4046-4E9D-96FB-61BC39F9208E}.Release|x86.Build.0 = Release|Any CPU
		{B4D5E67E-FE25-4F41-A200-AEF83F42EED0}.Debug|Any CPU.ActiveCfg = Debug|Any CPU
		{B4D5E67E-FE25-4F41-A200-AEF83F42EED0}.Debug|Any CPU.Build.0 = Debug|Any CPU
		{B4D5E67E-FE25-4F41-A200-AEF83F42EED0}.Debug|x64.ActiveCfg = Debug|Any CPU
		{B4D5E67E-FE25-4F41-A200-AEF83F42EED0}.Debug|x64.Build.0 = Debug|Any CPU
		{B4D5E67E-FE25-4F41-A200-AEF83F42EED0}.Debug|x86.ActiveCfg = Debug|Any CPU
		{B4D5E67E-FE25-4F41-A200-AEF83F42EED0}.Debug|x86.Build.0 = Debug|Any CPU
		{B4D5E67E-FE25-4F41-A200-AEF83F42EED0}.Release|Any CPU.ActiveCfg = Release|Any CPU
		{B4D5E67E-FE25-4F41-A200-AEF83F42EED0}.Release|Any CPU.Build.0 = Release|Any CPU
		{B4D5E67E-FE25-4F41-A200-AEF83F42EED0}.Release|x64.ActiveCfg = Release|Any CPU
		{B4D5E67E-FE25-4F41-A200-AEF83F42EED0}.Release|x64.Build.0 = Release|Any CPU
		{B4D5E67E-FE25-4F41-A200-AEF83F42EED0}.Release|x86.ActiveCfg = Release|Any CPU
		{B4D5E67E-FE25-4F41-A200-AEF83F42EED0}.Release|x86.Build.0 = Release|Any CPU
		{30D68583-BBD3-4607-94DA-C46903CFDB5F}.Debug|Any CPU.ActiveCfg = Debug|Any CPU
		{30D68583-BBD3-4607-94DA-C46903CFDB5F}.Debug|Any CPU.Build.0 = Debug|Any CPU
		{30D68583-BBD3-4607-94DA-C46903CFDB5F}.Debug|x64.ActiveCfg = Debug|Any CPU
		{30D68583-BBD3-4607-94DA-C46903CFDB5F}.Debug|x64.Build.0 = Debug|Any CPU
		{30D68583-BBD3-4607-94DA-C46903CFDB5F}.Debug|x86.ActiveCfg = Debug|Any CPU
		{30D68583-BBD3-4607-94DA-C46903CFDB5F}.Debug|x86.Build.0 = Debug|Any CPU
		{30D68583-BBD3-4607-94DA-C46903CFDB5F}.Release|Any CPU.ActiveCfg = Release|Any CPU
		{30D68583-BBD3-4607-94DA-C46903CFDB5F}.Release|Any CPU.Build.0 = Release|Any CPU
		{30D68583-BBD3-4607-94DA-C46903CFDB5F}.Release|x64.ActiveCfg = Release|Any CPU
		{30D68583-BBD3-4607-94DA-C46903CFDB5F}.Release|x64.Build.0 = Release|Any CPU
		{30D68583-BBD3-4607-94DA-C46903CFDB5F}.Release|x86.ActiveCfg = Release|Any CPU
		{30D68583-BBD3-4607-94DA-C46903CFDB5F}.Release|x86.Build.0 = Release|Any CPU
	EndGlobalSection
	GlobalSection(NestedProjects) = preSolution
		{9815D397-4046-4E9D-96FB-61BC39F9208E} = {742F21D5-135F-4C0E-869A-848EAC05AA54}
		{B4D5E67E-FE25-4F41-A200-AEF83F42EED0} = {742F21D5-135F-4C0E-869A-848EAC05AA54}
		{30D68583-BBD3-4607-94DA-C46903CFDB5F} = {742F21D5-135F-4C0E-869A-848EAC05AA54}
	EndGlobalSection
EndGlobal
